
Microsoft Visual Studio Solution File, Format Version 12.00
# Visual Studio Version 16
VisualStudioVersion = 16.0.29806.167
MinimumVisualStudioVersion = 10.0.40219.1
Project("{9A19103F-16F7-4668-BE54-9A1E7A4F7556}") = "DataAccess", "DataAccess\DataAccess.csproj", "{41E4E60C-1A23-450B-9DC4-044926DA31F9}"
EndProject
Project("{9A19103F-16F7-4668-BE54-9A1E7A4F7556}") = "FrontEnd", "FrontEnd\FrontEnd.csproj", "{B8F9A5EE-C471-4873-997D-6A31FEE95E72}"
EndProject
Project("{2150E333-8FDC-42A3-9474-1A3956D46DE8}") = "DbScript", "DbScript", "{E4112D71-F832-4560-83B4-26C58EA53773}"
	ProjectSection(SolutionItems) = preProject
		DbScript\FilmReferenceFullScript.sql = DbScript\FilmReferenceFullScript.sql
	EndProjectSection
EndProject
Project("{2150E333-8FDC-42A3-9474-1A3956D46DE8}") = "ReadMe", "ReadMe", "{333759CF-4398-4C79-B210-338AA0D09695}"
	ProjectSection(SolutionItems) = preProject
		ReadMe\ReadMe.txt = ReadMe\ReadMe.txt
	EndProjectSection
EndProject
Global
	GlobalSection(SolutionConfigurationPlatforms) = preSolution
		Debug|Any CPU = Debug|Any CPU
		Release|Any CPU = Release|Any CPU
	EndGlobalSection
	GlobalSection(ProjectConfigurationPlatforms) = postSolution
		{41E4E60C-1A23-450B-9DC4-044926DA31F9}.Debug|Any CPU.ActiveCfg = Debug|Any CPU
		{41E4E60C-1A23-450B-9DC4-044926DA31F9}.Debug|Any CPU.Build.0 = Debug|Any CPU
		{41E4E60C-1A23-450B-9DC4-044926DA31F9}.Release|Any CPU.ActiveCfg = Release|Any CPU
		{41E4E60C-1A23-450B-9DC4-044926DA31F9}.Release|Any CPU.Build.0 = Release|Any CPU
		{B8F9A5EE-C471-4873-997D-6A31FEE95E72}.Debug|Any CPU.ActiveCfg = Debug|Any CPU
		{B8F9A5EE-C471-4873-997D-6A31FEE95E72}.Debug|Any CPU.Build.0 = Debug|Any CPU
		{B8F9A5EE-C471-4873-997D-6A31FEE95E72}.Release|Any CPU.ActiveCfg = Release|Any CPU
		{B8F9A5EE-C471-4873-997D-6A31FEE95E72}.Release|Any CPU.Build.0 = Release|Any CPU
	EndGlobalSection
	GlobalSection(SolutionProperties) = preSolution
		HideSolutionNode = FALSE
	EndGlobalSection
	GlobalSection(ExtensibilityGlobals) = postSolution
		SolutionGuid = {9CE84E0F-F4D1-4E1A-95E2-59B65C561AF1}
	EndGlobalSection
EndGlobal
